
Microsoft Visual Studio Solution File, Format Version 12.00
# Visual Studio Version 17
VisualStudioVersion = 17.10.35013.160
MinimumVisualStudioVersion = 10.0.40219.1
Project("{FAE04EC0-301F-11D3-BF4B-00C04F79EFBC}") = "SuperHeroAPI", "SuperHeroAPI\SuperHeroAPI.csproj", "{B9F32006-737C-4E09-AA70-6945CC48F72A}"
EndProject
Global
	GlobalSection(SolutionConfigurationPlatforms) = preSolution
		Debug|Any CPU = Debug|Any CPU
		Release|Any CPU = Release|Any CPU
	EndGlobalSection
	GlobalSection(ProjectConfigurationPlatforms) = postSolution
		{B9F32006-737C-4E09-AA70-6945CC48F72A}.Debug|Any CPU.ActiveCfg = Debug|Any CPU
		{B9F32006-737C-4E09-AA70-6945CC48F72A}.Debug|Any CPU.Build.0 = Debug|Any CPU
		{B9F32006-737C-4E09-AA70-6945CC48F72A}.Release|Any CPU.ActiveCfg = Release|Any CPU
		{B9F32006-737C-4E09-AA70-6945CC48F72A}.Release|Any CPU.Build.0 = Release|Any CPU
	EndGlobalSection
	GlobalSection(SolutionProperties) = preSolution
		HideSolutionNode = FALSE
	EndGlobalSection
	GlobalSection(ExtensibilityGlobals) = postSolution
		SolutionGuid = {B11B9FE3-CA26-4479-AD2A-D7B05CE3DE2F}
	EndGlobalSection
EndGlobal
